
Microsoft Visual Studio Solution File, Format Version 12.00
# Visual Studio Version 17
VisualStudioVersion = 17.14.36202.13 d17.14
MinimumVisualStudioVersion = 10.0.40219.1
Project("{FAE04EC0-301F-11D3-BF4B-00C04F79EFBC}") = "Servus", "Servus\Servus.csproj", "{FF853DA3-8F36-45A2-9A9E-707373472EBE}"
EndProject
Global
	GlobalSection(SolutionConfigurationPlatforms) = preSolution
		Debug|Any CPU = Debug|Any CPU
		Release|Any CPU = Release|Any CPU
	EndGlobalSection
	GlobalSection(ProjectConfigurationPlatforms) = postSolution
		{FF853DA3-8F36-45A2-9A9E-707373472EBE}.Debug|Any CPU.ActiveCfg = Debug|Any CPU
		{FF853DA3-8F36-45A2-9A9E-707373472EBE}.Debug|Any CPU.Build.0 = Debug|Any CPU
		{FF853DA3-8F36-45A2-9A9E-707373472EBE}.Release|Any CPU.ActiveCfg = Release|Any CPU
		{FF853DA3-8F36-45A2-9A9E-707373472EBE}.Release|Any CPU.Build.0 = Release|Any CPU
	EndGlobalSection
	GlobalSection(SolutionProperties) = preSolution
		HideSolutionNode = FALSE
	EndGlobalSection
	GlobalSection(ExtensibilityGlobals) = postSolution
		SolutionGuid = {8C071C34-7525-4CE2-BA79-AC93D0780075}
	EndGlobalSection
EndGlobal
